
Microsoft Visual Studio Solution File, Format Version 12.00
# Visual Studio Version 16
VisualStudioVersion = 16.0.808.3
MinimumVisualStudioVersion = 10.0.40219.1
Project("{FAE04EC0-301F-11D3-BF4B-00C04F79EFBC}") = "keycloak-uma-dotnet", "src\keycloak-uma-dotnet.csproj", "{61DCFDFB-7E93-4476-93B8-C3D70E80AC5D}"
EndProject
Global
	GlobalSection(SolutionConfigurationPlatforms) = preSolution
		Debug|Any CPU = Debug|Any CPU
		Release|Any CPU = Release|Any CPU
	EndGlobalSection
	GlobalSection(ProjectConfigurationPlatforms) = postSolution
		{61DCFDFB-7E93-4476-93B8-C3D70E80AC5D}.Debug|Any CPU.ActiveCfg = Debug|Any CPU
		{61DCFDFB-7E93-4476-93B8-C3D70E80AC5D}.Debug|Any CPU.Build.0 = Debug|Any CPU
		{61DCFDFB-7E93-4476-93B8-C3D70E80AC5D}.Release|Any CPU.ActiveCfg = Release|Any CPU
		{61DCFDFB-7E93-4476-93B8-C3D70E80AC5D}.Release|Any CPU.Build.0 = Release|Any CPU
	EndGlobalSection
	GlobalSection(SolutionProperties) = preSolution
		HideSolutionNode = FALSE
	EndGlobalSection
	GlobalSection(ExtensibilityGlobals) = postSolution
		SolutionGuid = {2EE6C8D7-DD9A-446D-B611-A5ED5AB5EC7A}
	EndGlobalSection
EndGlobal
